PODS:
  - Bolts (1.1.2)
  - Facebook-iOS-SDK (3.16.2):
    - Bolts
  - HMSegmentedControl (1.3.0)
  - SWTableViewCell (0.3.0)

DEPENDENCIES:
  - Facebook-iOS-SDK
  - HMSegmentedControl (~> 1.3.0)
  - SWTableViewCell (>= 0.3.0)

SPEC CHECKSUMS:
  Bolts: 2635e8698a630774689441047f3465d78c48d485
  Facebook-iOS-SDK: 34eef640c2cc4c8618ba0f574ad2b290e07f1b4e
  HMSegmentedControl: 9b3a39b9efd3d370b5d3d7b7cd5430f01a889b0b
  SWTableViewCell: 1725f7607ce4c154264c18aeb78e4636b11b0b29

COCOAPODS: 0.33.1
