// !$*UTF8*$!
{
	archiveVersion = 1;
	classes = {
	};
	objectVersion = 46;
	objects = {

/* Begin PBXBuildFile section */
		ED0167C0197C8CB600E60F1E /* AnnouncementsViewController.swift in Sources */ = {isa = PBXBuildFile; fileRef = ED0167BF197C8CB600E60F1E /* AnnouncementsViewController.swift */; };
		ED0167C2197F97E200E60F1E /* EventsViewController.swift in Sources */ = {isa = PBXBuildFile; fileRef = ED0167C1197F97E200E60F1E /* EventsViewController.swift */; };
		ED2615301983C52B008A310B /* AnnouncementViewController.swift in Sources */ = {isa = PBXBuildFile; fileRef = ED26152F1983C52B008A310B /* AnnouncementViewController.swift */; };
		ED5A452F198B5E4B00DF8D34 /* Social.framework in Frameworks */ = {isa = PBXBuildFile; fileRef = ED5A452E198B5E4B00DF8D34 /* Social.framework */; };
		ED5A4531198B5E5600DF8D34 /* Accounts.framework in Frameworks */ = {isa = PBXBuildFile; fileRef = ED5A4530198B5E5600DF8D34 /* Accounts.framework */; };
		ED5A4537198B634000DF8D34 /* LoginViewController.swift in Sources */ = {isa = PBXBuildFile; fileRef = ED5A4536198B634000DF8D34 /* LoginViewController.swift */; };
		ED9E96B61983CA1F004BF827 /* MemberViewController.swift in Sources */ = {isa = PBXBuildFile; fileRef = ED9E96B51983CA1F004BF827 /* MemberViewController.swift */; };
		EDACBF7A1988B6F200080FBB /* EventViewController.swift in Sources */ = {isa = PBXBuildFile; fileRef = EDACBF791988B6F100080FBB /* EventViewController.swift */; };
		EDE5D8DF196D021A007565A9 /* AppDelegate.swift in Sources */ = {isa = PBXBuildFile; fileRef = EDE5D8DE196D021A007565A9 /* AppDelegate.swift */; };
		EDE5D8E1196D021A007565A9 /* ViewController.swift in Sources */ = {isa = PBXBuildFile; fileRef = EDE5D8E0196D021A007565A9 /* ViewController.swift */; };
		EDE5D8E4196D021A007565A9 /* Main.storyboard in Resources */ = {isa = PBXBuildFile; fileRef = EDE5D8E2196D021A007565A9 /* Main.storyboard */; };
		EDE5D8E6196D021A007565A9 /* Images.xcassets in Resources */ = {isa = PBXBuildFile; fileRef = EDE5D8E5196D021A007565A9 /* Images.xcassets */; };
		EDE5D8F2196D021A007565A9 /* creatorsTests.swift in Sources */ = {isa = PBXBuildFile; fileRef = EDE5D8F1196D021A007565A9 /* creatorsTests.swift */; };
		EDE5D901196E5119007565A9 /* Parse.framework in Frameworks */ = {isa = PBXBuildFile; fileRef = EDE5D900196E5119007565A9 /* Parse.framework */; };
		EDE5D903196FBB03007565A9 /* MembersViewController.swift in Sources */ = {isa = PBXBuildFile; fileRef = EDE5D902196FBB03007565A9 /* MembersViewController.swift */; };
		EDE5D9051970E572007565A9 /* AudioToolbox.framework in Frameworks */ = {isa = PBXBuildFile; fileRef = EDE5D9041970E571007565A9 /* AudioToolbox.framework */; };
		EDE5D9071970E57A007565A9 /* CFNetwork.framework in Frameworks */ = {isa = PBXBuildFile; fileRef = EDE5D9061970E57A007565A9 /* CFNetwork.framework */; };
		EDE5D9091970E584007565A9 /* CoreGraphics.framework in Frameworks */ = {isa = PBXBuildFile; fileRef = EDE5D9081970E584007565A9 /* CoreGraphics.framework */; };
		EDE5D90B1970E590007565A9 /* CoreLocation.framework in Frameworks */ = {isa = PBXBuildFile; fileRef = EDE5D90A1970E590007565A9 /* CoreLocation.framework */; };
		EDE5D90D1970E5A3007565A9 /* libz.dylib in Frameworks */ = {isa = PBXBuildFile; fileRef = EDE5D90C1970E5A3007565A9 /* libz.dylib */; };
		EDE5D90F1970E5AA007565A9 /* MobileCoreServices.framework in Frameworks */ = {isa = PBXBuildFile; fileRef = EDE5D90E1970E5AA007565A9 /* MobileCoreServices.framework */; };
		EDE5D9111970E5B3007565A9 /* QuartzCore.framework in Frameworks */ = {isa = PBXBuildFile; fileRef = EDE5D9101970E5B3007565A9 /* QuartzCore.framework */; };
		EDE5D9131970E5BC007565A9 /* Security.framework in Frameworks */ = {isa = PBXBuildFile; fileRef = EDE5D9121970E5BC007565A9 /* Security.framework */; };
		EDE5D9151970E5C2007565A9 /* StoreKit.framework in Frameworks */ = {isa = PBXBuildFile; fileRef = EDE5D9141970E5C2007565A9 /* StoreKit.framework */; };
		EDE5D9171970E5C9007565A9 /* SystemConfiguration.framework in Frameworks */ = {isa = PBXBuildFile; fileRef = EDE5D9161970E5C9007565A9 /* SystemConfiguration.framework */; };
/* End PBXBuildFile section */

/* Begin PBXContainerItemProxy section */
		EDE5D8EC196D021A007565A9 /* PBXContainerItemProxy */ = {
			isa = PBXContainerItemProxy;
			containerPortal = EDE5D8D1196D021A007565A9 /* Project object */;
			proxyType = 1;
			remoteGlobalIDString = EDE5D8D8196D021A007565A9;
			remoteInfo = creators;
		};
/* End PBXContainerItemProxy section */

/* Begin PBXFileReference section */
		ED0167BF197C8CB600E60F1E /* AnnouncementsViewController.swift */ = {isa = PBXFileReference; fileEncoding = 4; lastKnownFileType = sourcecode.swift; path = AnnouncementsViewController.swift; sourceTree = "<group>"; };
		ED0167C1197F97E200E60F1E /* EventsViewController.swift */ = {isa = PBXFileReference; fileEncoding = 4; lastKnownFileType = sourcecode.swift; path = EventsViewController.swift; sourceTree = "<group>"; };
		ED26152F1983C52B008A310B /* AnnouncementViewController.swift */ = {isa = PBXFileReference; fileEncoding = 4; lastKnownFileType = sourcecode.swift; name = AnnouncementViewController.swift; path = ../AnnouncementViewController.swift; sourceTree = "<group>"; };
		ED5A452E198B5E4B00DF8D34 /* Social.framework */ = {isa = PBXFileReference; lastKnownFileType = wrapper.framework; name = Social.framework; path = System/Library/Frameworks/Social.framework; sourceTree = SDKROOT; };
		ED5A4530198B5E5600DF8D34 /* Accounts.framework */ = {isa = PBXFileReference; lastKnownFileType = wrapper.framework; name = Accounts.framework; path = System/Library/Frameworks/Accounts.framework; sourceTree = SDKROOT; };
		ED5A4536198B634000DF8D34 /* LoginViewController.swift */ = {isa = PBXFileReference; fileEncoding = 4; lastKnownFileType = sourcecode.swift; path = LoginViewController.swift; sourceTree = "<group>"; };
		ED9E96B51983CA1F004BF827 /* MemberViewController.swift */ = {isa = PBXFileReference; fileEncoding = 4; lastKnownFileType = sourcecode.swift; path = MemberViewController.swift; sourceTree = "<group>"; };
		EDACBF791988B6F100080FBB /* EventViewController.swift */ = {isa = PBXFileReference; fileEncoding = 4; lastKnownFileType = sourcecode.swift; path = EventViewController.swift; sourceTree = "<group>"; };
		EDE5D8D9196D021A007565A9 /* creators.app */ = {isa = PBXFileReference; explicitFileType = wrapper.application; includeInIndex = 0; path = creators.app; sourceTree = BUILT_PRODUCTS_DIR; };
		EDE5D8DD196D021A007565A9 /* Info.plist */ = {isa = PBXFileReference; lastKnownFileType = text.plist.xml; path = Info.plist; sourceTree = "<group>"; };
		EDE5D8DE196D021A007565A9 /* AppDelegate.swift */ = {isa = PBXFileReference; lastKnownFileType = sourcecode.swift; path = AppDelegate.swift; sourceTree = "<group>"; };
		EDE5D8E0196D021A007565A9 /* ViewController.swift */ = {isa = PBXFileReference; lastKnownFileType = sourcecode.swift; path = ViewController.swift; sourceTree = "<group>"; };
		EDE5D8E3196D021A007565A9 /* Base */ = {isa = PBXFileReference; lastKnownFileType = file.storyboard; name = Base; path = Base.lproj/Main.storyboard; sourceTree = "<group>"; };
		EDE5D8E5196D021A007565A9 /* Images.xcassets */ = {isa = PBXFileReference; lastKnownFileType = folder.assetcatalog; path = Images.xcassets; sourceTree = "<group>"; };
		EDE5D8EB196D021A007565A9 /* creatorsTests.xctest */ = {isa = PBXFileReference; explicitFileType = wrapper.cfbundle; includeInIndex = 0; path = creatorsTests.xctest; sourceTree = BUILT_PRODUCTS_DIR; };
		EDE5D8F0196D021A007565A9 /* Info.plist */ = {isa = PBXFileReference; lastKnownFileType = text.plist.xml; path = Info.plist; sourceTree = "<group>"; };
		EDE5D8F1196D021A007565A9 /* creatorsTests.swift */ = {isa = PBXFileReference; lastKnownFileType = sourcecode.swift; path = creatorsTests.swift; sourceTree = "<group>"; };
		EDE5D8FB196E4F14007565A9 /* creators-Bridging-Header.h */ = {isa = PBXFileReference; lastKnownFileType = sourcecode.c.h; path = "creators-Bridging-Header.h"; sourceTree = "<group>"; };
		EDE5D900196E5119007565A9 /* Parse.framework */ = {isa = PBXFileReference; lastKnownFileType = wrapper.framework; path = Parse.framework; sourceTree = "<group>"; };
		EDE5D902196FBB03007565A9 /* MembersViewController.swift */ = {isa = PBXFileReference; fileEncoding = 4; lastKnownFileType = sourcecode.swift; path = MembersViewController.swift; sourceTree = "<group>"; };
		EDE5D9041970E571007565A9 /* AudioToolbox.framework */ = {isa = PBXFileReference; lastKnownFileType = wrapper.framework; name = AudioToolbox.framework; path = System/Library/Frameworks/AudioToolbox.framework; sourceTree = SDKROOT; };
		EDE5D9061970E57A007565A9 /* CFNetwork.framework */ = {isa = PBXFileReference; lastKnownFileType = wrapper.framework; name = CFNetwork.framework; path = System/Library/Frameworks/CFNetwork.framework; sourceTree = SDKROOT; };
		EDE5D9081970E584007565A9 /* CoreGraphics.framework */ = {isa = PBXFileReference; lastKnownFileType = wrapper.framework; name = CoreGraphics.framework; path = System/Library/Frameworks/CoreGraphics.framework; sourceTree = SDKROOT; };
		EDE5D90A1970E590007565A9 /* CoreLocation.framework */ = {isa = PBXFileReference; lastKnownFileType = wrapper.framework; name = CoreLocation.framework; path = System/Library/Frameworks/CoreLocation.framework; sourceTree = SDKROOT; };
		EDE5D90C1970E5A3007565A9 /* libz.dylib */ = {isa = PBXFileReference; lastKnownFileType = "compiled.mach-o.dylib"; name = libz.dylib; path = usr/lib/libz.dylib; sourceTree = SDKROOT; };
		EDE5D90E1970E5AA007565A9 /* MobileCoreServices.framework */ = {isa = PBXFileReference; lastKnownFileType = wrapper.framework; name = MobileCoreServices.framework; path = System/Library/Frameworks/MobileCoreServices.framework; sourceTree = SDKROOT; };
		EDE5D9101970E5B3007565A9 /* QuartzCore.framework */ = {isa = PBXFileReference; lastKnownFileType = wrapper.framework; name = QuartzCore.framework; path = System/Library/Frameworks/QuartzCore.framework; sourceTree = SDKROOT; };
		EDE5D9121970E5BC007565A9 /* Security.framework */ = {isa = PBXFileReference; lastKnownFileType = wrapper.framework; name = Security.framework; path = System/Library/Frameworks/Security.framework; sourceTree = SDKROOT; };
		EDE5D9141970E5C2007565A9 /* StoreKit.framework */ = {isa = PBXFileReference; lastKnownFileType = wrapper.framework; name = StoreKit.framework; path = System/Library/Frameworks/StoreKit.framework; sourceTree = SDKROOT; };
		EDE5D9161970E5C9007565A9 /* SystemConfiguration.framework */ = {isa = PBXFileReference; lastKnownFileType = wrapper.framework; name = SystemConfiguration.framework; path = System/Library/Frameworks/SystemConfiguration.framework; sourceTree = SDKROOT; };
/* End PBXFileReference section */

/* Begin PBXFrameworksBuildPhase section */
		EDE5D8D6196D021A007565A9 /* Frameworks */ = {
			isa = PBXFrameworksBuildPhase;
			buildActionMask = 2147483647;
			files = (
				ED5A4531198B5E5600DF8D34 /* Accounts.framework in Frameworks */,
				ED5A452F198B5E4B00DF8D34 /* Social.framework in Frameworks */,
				EDE5D9171970E5C9007565A9 /* SystemConfiguration.framework in Frameworks */,
				EDE5D9151970E5C2007565A9 /* StoreKit.framework in Frameworks */,
				EDE5D9131970E5BC007565A9 /* Security.framework in Frameworks */,
				EDE5D9111970E5B3007565A9 /* QuartzCore.framework in Frameworks */,
				EDE5D90F1970E5AA007565A9 /* MobileCoreServices.framework in Frameworks */,
				EDE5D90D1970E5A3007565A9 /* libz.dylib in Frameworks */,
				EDE5D90B1970E590007565A9 /* CoreLocation.framework in Frameworks */,
				EDE5D9091970E584007565A9 /* CoreGraphics.framework in Frameworks */,
				EDE5D9071970E57A007565A9 /* CFNetwork.framework in Frameworks */,
				EDE5D9051970E572007565A9 /* AudioToolbox.framework in Frameworks */,
				EDE5D901196E5119007565A9 /* Parse.framework in Frameworks */,
			);
			runOnlyForDeploymentPostprocessing = 0;
		};
		EDE5D8E8196D021A007565A9 /* Frameworks */ = {
			isa = PBXFrameworksBuildPhase;
			buildActionMask = 2147483647;
			files = (
			);
			runOnlyForDeploymentPostprocessing = 0;
		};
/* End PBXFrameworksBuildPhase section */

/* Begin PBXGroup section */
		EDE5D8D0196D021A007565A9 = {
			isa = PBXGroup;
			children = (
				ED5A4530198B5E5600DF8D34 /* Accounts.framework */,
				ED5A452E198B5E4B00DF8D34 /* Social.framework */,
				EDE5D9161970E5C9007565A9 /* SystemConfiguration.framework */,
				EDE5D9141970E5C2007565A9 /* StoreKit.framework */,
				EDE5D9121970E5BC007565A9 /* Security.framework */,
				EDE5D9101970E5B3007565A9 /* QuartzCore.framework */,
				EDE5D90E1970E5AA007565A9 /* MobileCoreServices.framework */,
				EDE5D90C1970E5A3007565A9 /* libz.dylib */,
				EDE5D90A1970E590007565A9 /* CoreLocation.framework */,
				EDE5D9081970E584007565A9 /* CoreGraphics.framework */,
				EDE5D9061970E57A007565A9 /* CFNetwork.framework */,
				EDE5D9041970E571007565A9 /* AudioToolbox.framework */,
				EDE5D900196E5119007565A9 /* Parse.framework */,
				EDE5D8DB196D021A007565A9 /* creators */,
				EDE5D8EE196D021A007565A9 /* creatorsTests */,
				EDE5D8DA196D021A007565A9 /* Products */,
			);
			sourceTree = "<group>";
		};
		EDE5D8DA196D021A007565A9 /* Products */ = {
			isa = PBXGroup;
			children = (
				EDE5D8D9196D021A007565A9 /* creators.app */,
				EDE5D8EB196D021A007565A9 /* creatorsTests.xctest */,
			);
			name = Products;
			sourceTree = "<group>";
		};
		EDE5D8DB196D021A007565A9 /* creators */ = {
			isa = PBXGroup;
			children = (
				EDE5D8DE196D021A007565A9 /* AppDelegate.swift */,
				EDE5D8E0196D021A007565A9 /* ViewController.swift */,
				ED5A4536198B634000DF8D34 /* LoginViewController.swift */,
				ED26152F1983C52B008A310B /* AnnouncementViewController.swift */,
				ED0167BF197C8CB600E60F1E /* AnnouncementsViewController.swift */,
				EDACBF791988B6F100080FBB /* EventViewController.swift */,
				ED0167C1197F97E200E60F1E /* EventsViewController.swift */,
				ED9E96B51983CA1F004BF827 /* MemberViewController.swift */,
				EDE5D902196FBB03007565A9 /* MembersViewController.swift */,
				EDE5D8E2196D021A007565A9 /* Main.storyboard */,
				EDE5D8E5196D021A007565A9 /* Images.xcassets */,
				EDE5D8DC196D021A007565A9 /* Supporting Files */,
				EDE5D8FB196E4F14007565A9 /* creators-Bridging-Header.h */,
			);
			path = creators;
			sourceTree = "<group>";
		};
		EDE5D8DC196D021A007565A9 /* Supporting Files */ = {
			isa = PBXGroup;
			children = (
				EDE5D8DD196D021A007565A9 /* Info.plist */,
			);
			name = "Supporting Files";
			sourceTree = "<group>";
		};
		EDE5D8EE196D021A007565A9 /* creatorsTests */ = {
			isa = PBXGroup;
			children = (
				EDE5D8F1196D021A007565A9 /* creatorsTests.swift */,
				EDE5D8EF196D021A007565A9 /* Supporting Files */,
			);
			path = creatorsTests;
			sourceTree = "<group>";
		};
		EDE5D8EF196D021A007565A9 /* Supporting Files */ = {
			isa = PBXGroup;
			children = (
				EDE5D8F0196D021A007565A9 /* Info.plist */,
			);
			name = "Supporting Files";
			sourceTree = "<group>";
		};
/* End PBXGroup section */

/* Begin PBXNativeTarget section */
		EDE5D8D8196D021A007565A9 /* creators */ = {
			isa = PBXNativeTarget;
			buildConfigurationList = EDE5D8F5196D021A007565A9 /* Build configuration list for PBXNativeTarget "creators" */;
			buildPhases = (
				EDE5D8D5196D021A007565A9 /* Sources */,
				EDE5D8D6196D021A007565A9 /* Frameworks */,
				EDE5D8D7196D021A007565A9 /* Resources */,
			);
			buildRules = (
			);
			dependencies = (
			);
			name = creators;
			productName = creators;
			productReference = EDE5D8D9196D021A007565A9 /* creators.app */;
			productType = "com.apple.product-type.application";
		};
		EDE5D8EA196D021A007565A9 /* creatorsTests */ = {
			isa = PBXNativeTarget;
			buildConfigurationList = EDE5D8F8196D021A007565A9 /* Build configuration list for PBXNativeTarget "creatorsTests" */;
			buildPhases = (
				EDE5D8E7196D021A007565A9 /* Sources */,
				EDE5D8E8196D021A007565A9 /* Frameworks */,
				EDE5D8E9196D021A007565A9 /* Resources */,
			);
			buildRules = (
			);
			dependencies = (
				EDE5D8ED196D021A007565A9 /* PBXTargetDependency */,
			);
			name = creatorsTests;
			productName = creatorsTests;
			productReference = EDE5D8EB196D021A007565A9 /* creatorsTests.xctest */;
			productType = "com.apple.product-type.bundle.unit-test";
		};
/* End PBXNativeTarget section */

/* Begin PBXProject section */
		EDE5D8D1196D021A007565A9 /* Project object */ = {
			isa = PBXProject;
			attributes = {
				LastUpgradeCheck = 0600;
				ORGANIZATIONNAME = "Creators Co-op";
				TargetAttributes = {
					EDE5D8D8196D021A007565A9 = {
						CreatedOnToolsVersion = 6.0;
					};
					EDE5D8EA196D021A007565A9 = {
						CreatedOnToolsVersion = 6.0;
						TestTargetID = EDE5D8D8196D021A007565A9;
					};
				};
			};
			buildConfigurationList = EDE5D8D4196D021A007565A9 /* Build configuration list for PBXProject "creators" */;
			compatibilityVersion = "Xcode 3.2";
			developmentRegion = English;
			hasScannedForEncodings = 0;
			knownRegions = (
				en,
				Base,
			);
			mainGroup = EDE5D8D0196D021A007565A9;
			productRefGroup = EDE5D8DA196D021A007565A9 /* Products */;
			projectDirPath = "";
			projectRoot = "";
			targets = (
				EDE5D8D8196D021A007565A9 /* creators */,
				EDE5D8EA196D021A007565A9 /* creatorsTests */,
			);
		};
/* End PBXProject section */

/* Begin PBXResourcesBuildPhase section */
		EDE5D8D7196D021A007565A9 /* Resources */ = {
			isa = PBXResourcesBuildPhase;
			buildActionMask = 2147483647;
			files = (
				EDE5D8E4196D021A007565A9 /* Main.storyboard in Resources */,
				EDE5D8E6196D021A007565A9 /* Images.xcassets in Resources */,
			);
			runOnlyForDeploymentPostprocessing = 0;
		};
		EDE5D8E9196D021A007565A9 /* Resources */ = {
			isa = PBXResourcesBuildPhase;
			buildActionMask = 2147483647;
			files = (
			);
			runOnlyForDeploymentPostprocessing = 0;
		};
/* End PBXResourcesBuildPhase section */

/* Begin PBXSourcesBuildPhase section */
		EDE5D8D5196D021A007565A9 /* Sources */ = {
			isa = PBXSourcesBuildPhase;
			buildActionMask = 2147483647;
			files = (
				ED5A4537198B634000DF8D34 /* LoginViewController.swift in Sources */,
				EDE5D8E1196D021A007565A9 /* ViewController.swift in Sources */,
				EDE5D903196FBB03007565A9 /* MembersViewController.swift in Sources */,
				ED2615301983C52B008A310B /* AnnouncementViewController.swift in Sources */,
				ED9E96B61983CA1F004BF827 /* MemberViewController.swift in Sources */,
				EDE5D8DF196D021A007565A9 /* AppDelegate.swift in Sources */,
				EDACBF7A1988B6F200080FBB /* EventViewController.swift in Sources */,
				ED0167C0197C8CB600E60F1E /* AnnouncementsViewController.swift in Sources */,
				ED0167C2197F97E200E60F1E /* EventsViewController.swift in Sources */,
			);
			runOnlyForDeploymentPostprocessing = 0;
		};
		EDE5D8E7196D021A007565A9 /* Sources */ = {
			isa = PBXSourcesBuildPhase;
			buildActionMask = 2147483647;
			files = (
				EDE5D8F2196D021A007565A9 /* creatorsTests.swift in Sources */,
			);
			runOnlyForDeploymentPostprocessing = 0;
		};
/* End PBXSourcesBuildPhase section */

/* Begin PBXTargetDependency section */
		EDE5D8ED196D021A007565A9 /* PBXTargetDependency */ = {
			isa = PBXTargetDependency;
			target = EDE5D8D8196D021A007565A9 /* creators */;
			targetProxy = EDE5D8EC196D021A007565A9 /* PBXContainerItemProxy */;
		};
/* End PBXTargetDependency section */

/* Begin PBXVariantGroup section */
		EDE5D8E2196D021A007565A9 /* Main.storyboard */ = {
			isa = PBXVariantGroup;
			children = (
				EDE5D8E3196D021A007565A9 /* Base */,
			);
			name = Main.storyboard;
			sourceTree = "<group>";
		};
/* End PBXVariantGroup section */

/* Begin XCBuildConfiguration section */
		EDE5D8F3196D021A007565A9 /* Debug */ = {
			isa = XCBuildConfiguration;
			buildSettings = {
				ALWAYS_SEARCH_USER_PATHS = NO;
				CLANG_CXX_LANGUAGE_STANDARD = "gnu++0x";
				CLANG_CXX_LIBRARY = "libc++";
				CLANG_ENABLE_MODULES = YES;
				CLANG_ENABLE_OBJC_ARC = YES;
				CLANG_WARN_BOOL_CONVERSION = YES;
				CLANG_WARN_CONSTANT_CONVERSION = YES;
				CLANG_WARN_DIRECT_OBJC_ISA_USAGE = YES_ERROR;
				CLANG_WARN_EMPTY_BODY = YES;
				CLANG_WARN_ENUM_CONVERSION = YES;
				CLANG_WARN_INT_CONVERSION = YES;
				CLANG_WARN_OBJC_ROOT_CLASS = YES_ERROR;
				CLANG_WARN_UNREACHABLE_CODE = YES;
				CLANG_WARN__DUPLICATE_METHOD_MATCH = YES;
				"CODE_SIGN_IDENTITY[sdk=iphoneos*]" = "iPhone Developer";
				COPY_PHASE_STRIP = NO;
				ENABLE_STRICT_OBJC_MSGSEND = YES;
				GCC_C_LANGUAGE_STANDARD = gnu99;
				GCC_DYNAMIC_NO_PIC = NO;
				GCC_OPTIMIZATION_LEVEL = 0;
				GCC_PREPROCESSOR_DEFINITIONS = (
					"DEBUG=1",
					"$(inherited)",
				);
				GCC_SYMBOLS_PRIVATE_EXTERN = NO;
				GCC_WARN_64_TO_32_BIT_CONVERSION = YES;
				GCC_WARN_ABOUT_RETURN_TYPE = YES_ERROR;
				GCC_WARN_UNDECLARED_SELECTOR = YES;
				GCC_WARN_UNINITIALIZED_AUTOS = YES_AGGRESSIVE;
				GCC_WARN_UNUSED_FUNCTION = YES;
				GCC_WARN_UNUSED_VARIABLE = YES;
				IPHONEOS_DEPLOYMENT_TARGET = 8.0;
				METAL_ENABLE_DEBUG_INFO = YES;
				ONLY_ACTIVE_ARCH = YES;
				SDKROOT = iphoneos;
				SWIFT_OPTIMIZATION_LEVEL = "-Onone";
			};
			name = Debug;
		};
		EDE5D8F4196D021A007565A9 /* Release */ = {
			isa = XCBuildConfiguration;
			buildSettings = {
				ALWAYS_SEARCH_USER_PATHS = NO;
				CLANG_CXX_LANGUAGE_STANDARD = "gnu++0x";
				CLANG_CXX_LIBRARY = "libc++";
				CLANG_ENABLE_MODULES = YES;
				CLANG_ENABLE_OBJC_ARC = YES;
				CLANG_WARN_BOOL_CONVERSION = YES;
				CLANG_WARN_CONSTANT_CONVERSION = YES;
				CLANG_WARN_DIRECT_OBJC_ISA_USAGE = YES_ERROR;
				CLANG_WARN_EMPTY_BODY = YES;
				CLANG_WARN_ENUM_CONVERSION = YES;
				CLANG_WARN_INT_CONVERSION = YES;
				CLANG_WARN_OBJC_ROOT_CLASS = YES_ERROR;
				CLANG_WARN_UNREACHABLE_CODE = YES;
				CLANG_WARN__DUPLICATE_METHOD_MATCH = YES;
				"CODE_SIGN_IDENTITY[sdk=iphoneos*]" = "iPhone Developer";
				COPY_PHASE_STRIP = YES;
				ENABLE_NS_ASSERTIONS = NO;
				ENABLE_STRICT_OBJC_MSGSEND = YES;
				GCC_C_LANGUAGE_STANDARD = gnu99;
				GCC_WARN_64_TO_32_BIT_CONVERSION = YES;
				GCC_WARN_ABOUT_RETURN_TYPE = YES_ERROR;
				GCC_WARN_UNDECLARED_SELECTOR = YES;
				GCC_WARN_UNINITIALIZED_AUTOS = YES_AGGRESSIVE;
				GCC_WARN_UNUSED_FUNCTION = YES;
				GCC_WARN_UNUSED_VARIABLE = YES;
				IPHONEOS_DEPLOYMENT_TARGET = 8.0;
				METAL_ENABLE_DEBUG_INFO = NO;
				SDKROOT = iphoneos;
				VALIDATE_PRODUCT = YES;
			};
			name = Release;
		};
		EDE5D8F6196D021A007565A9 /* Debug */ = {
			isa = XCBuildConfiguration;
			buildSettings = {
				ASSETCATALOG_COMPILER_APPICON_NAME = AppIcon;
				ASSETCATALOG_COMPILER_LAUNCHIMAGE_NAME = LaunchImage;
				CLANG_ENABLE_MODULES = YES;
				FRAMEWORK_SEARCH_PATHS = (
					"$(inherited)",
					/Users/natasjanielsen/Downloads,
					"$(PROJECT_DIR)",
				);
				INFOPLIST_FILE = creators/Info.plist;
				LD_RUNPATH_SEARCH_PATHS = "$(inherited) @executable_path/Frameworks";
				PRODUCT_NAME = "$(TARGET_NAME)";
				SWIFT_OBJC_BRIDGING_HEADER = "creators/creators-Bridging-Header.h";
				SWIFT_OPTIMIZATION_LEVEL = "-Onone";
			};
			name = Debug;
		};
		EDE5D8F7196D021A007565A9 /* Release */ = {
			isa = XCBuildConfiguration;
			buildSettings = {
				ASSETCATALOG_COMPILER_APPICON_NAME = AppIcon;
				ASSETCATALOG_COMPILER_LAUNCHIMAGE_NAME = LaunchImage;
				CLANG_ENABLE_MODULES = YES;
				FRAMEWORK_SEARCH_PATHS = (
					"$(inherited)",
					/Users/natasjanielsen/Downloads,
					"$(PROJECT_DIR)",
				);
				INFOPLIST_FILE = creators/Info.plist;
				LD_RUNPATH_SEARCH_PATHS = "$(inherited) @executable_path/Frameworks";
				PRODUCT_NAME = "$(TARGET_NAME)";
				SWIFT_OBJC_BRIDGING_HEADER = "creators/creators-Bridging-Header.h";
			};
			name = Release;
		};
		EDE5D8F9196D021A007565A9 /* Debug */ = {
			isa = XCBuildConfiguration;
			buildSettings = {
				BUNDLE_LOADER = "$(BUILT_PRODUCTS_DIR)/creators.app/creators";
				FRAMEWORK_SEARCH_PATHS = (
					"$(SDKROOT)/Developer/Library/Frameworks",
					"$(inherited)",
				);
				GCC_PREPROCESSOR_DEFINITIONS = (
					"DEBUG=1",
					"$(inherited)",
				);
				INFOPLIST_FILE = creatorsTests/Info.plist;
				LD_RUNPATH_SEARCH_PATHS = "$(inherited) @executable_path/Frameworks @loader_path/Frameworks";
				METAL_ENABLE_DEBUG_INFO = YES;
				PRODUCT_NAME = "$(TARGET_NAME)";
				TEST_HOST = "$(BUNDLE_LOADER)";
			};
			name = Debug;
		};
		EDE5D8FA196D021A007565A9 /* Release */ = {
			isa = XCBuildConfiguration;
			buildSettings = {
				BUNDLE_LOADER = "$(BUILT_PRODUCTS_DIR)/creators.app/creators";
				FRAMEWORK_SEARCH_PATHS = (
					"$(SDKROOT)/Developer/Library/Frameworks",
					"$(inherited)",
				);
				INFOPLIST_FILE = creatorsTests/Info.plist;
				LD_RUNPATH_SEARCH_PATHS = "$(inherited) @executable_path/Frameworks @loader_path/Frameworks";
				METAL_ENABLE_DEBUG_INFO = NO;
				PRODUCT_NAME = "$(TARGET_NAME)";
				TEST_HOST = "$(BUNDLE_LOADER)";
			};
			name = Release;
		};
/* End XCBuildConfiguration section */

/* Begin XCConfigurationList section */
		EDE5D8D4196D021A007565A9 /* Build configuration list for PBXProject "creators" */ = {
			isa = XCConfigurationList;
			buildConfigurations = (
				EDE5D8F3196D021A007565A9 /* Debug */,
				EDE5D8F4196D021A007565A9 /* Release */,
			);
			defaultConfigurationIsVisible = 0;
			defaultConfigurationName = Release;
		};
		EDE5D8F5196D021A007565A9 /* Build configuration list for PBXNativeTarget "creators" */ = {
			isa = XCConfigurationList;
			buildConfigurations = (
				EDE5D8F6196D021A007565A9 /* Debug */,
				EDE5D8F7196D021A007565A9 /* Release */,
			);
			defaultConfigurationIsVisible = 0;
			defaultConfigurationName = Release;
		};
		EDE5D8F8196D021A007565A9 /* Build configuration list for PBXNativeTarget "creatorsTests" */ = {
			isa = XCConfigurationList;
			buildConfigurations = (
				EDE5D8F9196D021A007565A9 /* Debug */,
				EDE5D8FA196D021A007565A9 /* Release */,
			);
			defaultConfigurationIsVisible = 0;
			defaultConfigurationName = Release;
		};
/* End XCConfigurationList section */
	};
	rootObject = EDE5D8D1196D021A007565A9 /* Project object */;
}
